// !$*UTF8*$!
{
	archiveVersion = 1;
	classes = {
	};
	objectVersion = 50;
	objects = {

/* Begin PBXBuildFile section */
		99AEEE0A23ADA30300D62276 /* AppDelegate.swift in Sources */ = {isa = PBXBuildFile; fileRef = 99AEEE0923ADA30300D62276 /* AppDelegate.swift */; };
		99AEEE0C23ADA30300D62276 /* SceneDelegate.swift in Sources */ = {isa = PBXBuildFile; fileRef = 99AEEE0B23ADA30300D62276 /* SceneDelegate.swift */; };
		99AEEE1123ADA30300D62276 /* Main.storyboard in Resources */ = {isa = PBXBuildFile; fileRef = 99AEEE0F23ADA30300D62276 /* Main.storyboard */; };
		99AEEE1323ADA30600D62276 /* Assets.xcassets in Resources */ = {isa = PBXBuildFile; fileRef = 99AEEE1223ADA30600D62276 /* Assets.xcassets */; };
		99AEEE1623ADA30600D62276 /* LaunchScreen.storyboard in Resources */ = {isa = PBXBuildFile; fileRef = 99AEEE1423ADA30600D62276 /* LaunchScreen.storyboard */; };
		99AEEE1E23ADA32500D62276 /* Info.swift in Sources */ = {isa = PBXBuildFile; fileRef = 99AEEE1D23ADA32500D62276 /* Info.swift */; };
		99AEEE2023ADA37D00D62276 /* UITableViewController.swift in Sources */ = {isa = PBXBuildFile; fileRef = 99AEEE1F23ADA37D00D62276 /* UITableViewController.swift */; };
		D39516C123ADA65300814DD8 /* ViewController.swift in Sources */ = {isa = PBXBuildFile; fileRef = D39516C023ADA65300814DD8 /* ViewController.swift */; };
/* End PBXBuildFile section */

/* Begin PBXFileReference section */
		99AEEE0623ADA30300D62276 /* WebAPI.app */ = {isa = PBXFileReference; explicitFileType = wrapper.application; includeInIndex = 0; path = WebAPI.app; sourceTree = BUILT_PRODUCTS_DIR; };
		99AEEE0923ADA30300D62276 /* AppDelegate.swift */ = {isa = PBXFileReference; lastKnownFileType = sourcecode.swift; path = AppDelegate.swift; sourceTree = "<group>"; };
		99AEEE0B23ADA30300D62276 /* SceneDelegate.swift */ = {isa = PBXFileReference; lastKnownFileType = sourcecode.swift; path = SceneDelegate.swift; sourceTree = "<group>"; };
		99AEEE1023ADA30300D62276 /* Base */ = {isa = PBXFileReference; lastKnownFileType = file.storyboard; name = Base; path = Base.lproj/Main.storyboard; sourceTree = "<group>"; };
		99AEEE1223ADA30600D62276 /* Assets.xcassets */ = {isa = PBXFileReference; lastKnownFileType = folder.assetcatalog; path = Assets.xcassets; sourceTree = "<group>"; };
		99AEEE1523ADA30600D62276 /* Base */ = {isa = PBXFileReference; lastKnownFileType = file.storyboard; name = Base; path = Base.lproj/LaunchScreen.storyboard; sourceTree = "<group>"; };
		99AEEE1723ADA30700D62276 /* Info.plist */ = {isa = PBXFileReference; lastKnownFileType = text.plist.xml; path = Info.plist; sourceTree = "<group>"; };
		99AEEE1D23ADA32500D62276 /* Info.swift */ = {isa = PBXFileReference; lastKnownFileType = sourcecode.swift; path = Info.swift; sourceTree = "<group>"; };
		99AEEE1F23ADA37D00D62276 /* UITableViewController.swift */ = {isa = PBXFileReference; lastKnownFileType = sourcecode.swift; path = UITableViewController.swift; sourceTree = "<group>"; };
		D39516C023ADA65300814DD8 /* ViewController.swift */ = {isa = PBXFileReference; lastKnownFileType = sourcecode.swift; path = ViewController.swift; sourceTree = "<group>"; };
/* End PBXFileReference section */

/* Begin PBXFrameworksBuildPhase section */
		99AEEE0323ADA30300D62276 /* Frameworks */ = {
			isa = PBXFrameworksBuildPhase;
			buildActionMask = 2147483647;
			files = (
			);
			runOnlyForDeploymentPostprocessing = 0;
		};
/* End PBXFrameworksBuildPhase section */

/* Begin PBXGroup section */
		99AEEDFD23ADA30300D62276 = {
			isa = PBXGroup;
			children = (
				99AEEE1D23ADA32500D62276 /* Info.swift */,
				99AEEE0823ADA30300D62276 /* WebAPI */,
				99AEEE0723ADA30300D62276 /* Products */,
			);
			sourceTree = "<group>";
		};
		99AEEE0723ADA30300D62276 /* Products */ = {
			isa = PBXGroup;
			children = (
				99AEEE0623ADA30300D62276 /* WebAPI.app */,
			);
			name = Products;
			sourceTree = "<group>";
		};
		99AEEE0823ADA30300D62276 /* WebAPI */ = {
			isa = PBXGroup;
			children = (
				99AEEE0923ADA30300D62276 /* AppDelegate.swift */,
				99AEEE0B23ADA30300D62276 /* SceneDelegate.swift */,
				99AEEE1723ADA30700D62276 /* Info.plist */,
				99AEEE0F23ADA30300D62276 /* Main.storyboard */,
				D39516C023ADA65300814DD8 /* ViewController.swift */,
				99AEEE1F23ADA37D00D62276 /* UITableViewController.swift */,
				99AEEE1223ADA30600D62276 /* Assets.xcassets */,
				99AEEE1423ADA30600D62276 /* LaunchScreen.storyboard */,
			);
			path = WebAPI;
			sourceTree = "<group>";
		};
/* End PBXGroup section */

/* Begin PBXNativeTarget section */
		99AEEE0523ADA30300D62276 /* WebAPI */ = {
			isa = PBXNativeTarget;
			buildConfigurationList = 99AEEE1A23ADA30700D62276 /* Build configuration list for PBXNativeTarget "WebAPI" */;
			buildPhases = (
				99AEEE0223ADA30300D62276 /* Sources */,
				99AEEE0323ADA30300D62276 /* Frameworks */,
				99AEEE0423ADA30300D62276 /* Resources */,
			);
			buildRules = (
			);
			dependencies = (
			);
			name = WebAPI;
			productName = WebAPI;
			productReference = 99AEEE0623ADA30300D62276 /* WebAPI.app */;
			productType = "com.apple.product-type.application";
		};
/* End PBXNativeTarget section */

/* Begin PBXProject section */
		99AEEDFE23ADA30300D62276 /* Project object */ = {
			isa = PBXProject;
			attributes = {
				LastSwiftUpdateCheck = 1120;
				LastUpgradeCheck = 1120;
				ORGANIZATIONNAME = "Alberto Mancarella";
				TargetAttributes = {
					99AEEE0523ADA30300D62276 = {
						CreatedOnToolsVersion = 11.2;
					};
				};
			};
			buildConfigurationList = 99AEEE0123ADA30300D62276 /* Build configuration list for PBXProject "WebAPI" */;
			compatibilityVersion = "Xcode 9.3";
			developmentRegion = en;
			hasScannedForEncodings = 0;
			knownRegions = (
				en,
				Base,
			);
			mainGroup = 99AEEDFD23ADA30300D62276;
			productRefGroup = 99AEEE0723ADA30300D62276 /* Products */;
			projectDirPath = "";
			projectRoot = "";
			targets = (
				99AEEE0523ADA30300D62276 /* WebAPI */,
			);
		};
/* End PBXProject section */

/* Begin PBXResourcesBuildPhase section */
		99AEEE0423ADA30300D62276 /* Resources */ = {
			isa = PBXResourcesBuildPhase;
			buildActionMask = 2147483647;
			files = (
				99AEEE1623ADA30600D62276 /* LaunchScreen.storyboard in Resources */,
				99AEEE1323ADA30600D62276 /* Assets.xcassets in Resources */,
				99AEEE1123ADA30300D62276 /* Main.storyboard in Resources */,
			);
			runOnlyForDeploymentPostprocessing = 0;
		};
/* End PBXResourcesBuildPhase section */

/* Begin PBXSourcesBuildPhase section */
		99AEEE0223ADA30300D62276 /* Sources */ = {
			isa = PBXSourcesBuildPhase;
			buildActionMask = 2147483647;
			files = (
				D39516C123ADA65300814DD8 /* ViewController.swift in Sources */,
				99AEEE1E23ADA32500D62276 /* Info.swift in Sources */,
				99AEEE0A23ADA30300D62276 /* AppDelegate.swift in Sources */,
				99AEEE0C23ADA30300D62276 /* SceneDelegate.swift in Sources */,
				99AEEE2023ADA37D00D62276 /* UITableViewController.swift in Sources */,
			);
			runOnlyForDeploymentPostprocessing = 0;
		};
/* End PBXSourcesBuildPhase section */

/* Begin PBXVariantGroup section */
		99AEEE0F23ADA30300D62276 /* Main.storyboard */ = {
			isa = PBXVariantGroup;
			children = (
				99AEEE1023ADA30300D62276 /* Base */,
			);
			name = Main.storyboard;
			sourceTree = "<group>";
		};
		99AEEE1423ADA30600D62276 /* LaunchScreen.storyboard */ = {
			isa = PBXVariantGroup;
			children = (
				99AEEE1523ADA30600D62276 /* Base */,
			);
			name = LaunchScreen.storyboard;
			sourceTree = "<group>";
		};
/* End PBXVariantGroup section */

/* Begin XCBuildConfiguration section */
		99AEEE1823ADA30700D62276 /* Debug */ = {
			isa = XCBuildConfiguration;
			buildSettings = {
				ALWAYS_SEARCH_USER_PATHS = NO;
				CLANG_ANALYZER_NONNULL = YES;
				CLANG_ANALYZER_NUMBER_OBJECT_CONVERSION = YES_AGGRESSIVE;
				CLANG_CXX_LANGUAGE_STANDARD = "gnu++14";
				CLANG_CXX_LIBRARY = "libc++";
				CLANG_ENABLE_MODULES = YES;
				CLANG_ENABLE_OBJC_ARC = YES;
				CLANG_ENABLE_OBJC_WEAK = YES;
				CLANG_WARN_BLOCK_CAPTURE_AUTORELEASING = YES;
				CLANG_WARN_BOOL_CONVERSION = YES;
				CLANG_WARN_COMMA = YES;
				CLANG_WARN_CONSTANT_CONVERSION = YES;
				CLANG_WARN_DEPRECATED_OBJC_IMPLEMENTATIONS = YES;
				CLANG_WARN_DIRECT_OBJC_ISA_USAGE = YES_ERROR;
				CLANG_WARN_DOCUMENTATION_COMMENTS = YES;
				CLANG_WARN_EMPTY_BODY = YES;
				CLANG_WARN_ENUM_CONVERSION = YES;
				CLANG_WARN_INFINITE_RECURSION = YES;
				CLANG_WARN_INT_CONVERSION = YES;
				CLANG_WARN_NON_LITERAL_NULL_CONVERSION = YES;
				CLANG_WARN_OBJC_IMPLICIT_RETAIN_SELF = YES;
				CLANG_WARN_OBJC_LITERAL_CONVERSION = YES;
				CLANG_WARN_OBJC_ROOT_CLASS = YES_ERROR;
				CLANG_WARN_RANGE_LOOP_ANALYSIS = YES;
				CLANG_WARN_STRICT_PROTOTYPES = YES;
				CLANG_WARN_SUSPICIOUS_MOVE = YES;
				CLANG_WARN_UNGUARDED_AVAILABILITY = YES_AGGRESSIVE;
				CLANG_WARN_UNREACHABLE_CODE = YES;
				CLANG_WARN__DUPLICATE_METHOD_MATCH = YES;
				COPY_PHASE_STRIP = NO;
				DEBUG_INFORMATION_FORMAT = dwarf;
				ENABLE_STRICT_OBJC_MSGSEND = YES;
				ENABLE_TESTABILITY = YES;
				GCC_C_LANGUAGE_STANDARD = gnu11;
				GCC_DYNAMIC_NO_PIC = NO;
				GCC_NO_COMMON_BLOCKS = YES;
				GCC_OPTIMIZATION_LEVEL = 0;
				GCC_PREPROCESSOR_DEFINITIONS = (
					"DEBUG=1",
					"$(inherited)",
				);
				GCC_WARN_64_TO_32_BIT_CONVERSION = YES;
				GCC_WARN_ABOUT_RETURN_TYPE = YES_ERROR;
				GCC_WARN_UNDECLARED_SELECTOR = YES;
				GCC_WARN_UNINITIALIZED_AUTOS = YES_AGGRESSIVE;
				GCC_WARN_UNUSED_FUNCTION = YES;
				GCC_WARN_UNUSED_VARIABLE = YES;
				IPHONEOS_DEPLOYMENT_TARGET = 13.2;
				MTL_ENABLE_DEBUG_INFO = INCLUDE_SOURCE;
				MTL_FAST_MATH = YES;
				ONLY_ACTIVE_ARCH = YES;
				SDKROOT = iphoneos;
				SWIFT_ACTIVE_COMPILATION_CONDITIONS = DEBUG;
				SWIFT_OPTIMIZATION_LEVEL = "-Onone";
			};
			name = Debug;
		};
		99AEEE1923ADA30700D62276 /* Release */ = {
			isa = XCBuildConfiguration;
			buildSettings = {
				ALWAYS_SEARCH_USER_PATHS = NO;
				CLANG_ANALYZER_NONNULL = YES;
				CLANG_ANALYZER_NUMBER_OBJECT_CONVERSION = YES_AGGRESSIVE;
				CLANG_CXX_LANGUAGE_STANDARD = "gnu++14";
				CLANG_CXX_LIBRARY = "libc++";
				CLANG_ENABLE_MODULES = YES;
				CLANG_ENABLE_OBJC_ARC = YES;
				CLANG_ENABLE_OBJC_WEAK = YES;
				CLANG_WARN_BLOCK_CAPTURE_AUTORELEASING = YES;
				CLANG_WARN_BOOL_CONVERSION = YES;
				CLANG_WARN_COMMA = YES;
				CLANG_WARN_CONSTANT_CONVERSION = YES;
				CLANG_WARN_DEPRECATED_OBJC_IMPLEMENTATIONS = YES;
				CLANG_WARN_DIRECT_OBJC_ISA_USAGE = YES_ERROR;
				CLANG_WARN_DOCUMENTATION_COMMENTS = YES;
				CLANG_WARN_EMPTY_BODY = YES;
				CLANG_WARN_ENUM_CONVERSION = YES;
				CLANG_WARN_INFINITE_RECURSION = YES;
				CLANG_WARN_INT_CONVERSION = YES;
				CLANG_WARN_NON_LITERAL_NULL_CONVERSION = YES;
				CLANG_WARN_OBJC_IMPLICIT_RETAIN_SELF = YES;
				CLANG_WARN_OBJC_LITERAL_CONVERSION = YES;
				CLANG_WARN_OBJC_ROOT_CLASS = YES_ERROR;
				CLANG_WARN_RANGE_LOOP_ANALYSIS = YES;
				CLANG_WARN_STRICT_PROTOTYPES = YES;
				CLANG_WARN_SUSPICIOUS_MOVE = YES;
				CLANG_WARN_UNGUARDED_AVAILABILITY = YES_AGGRESSIVE;
				CLANG_WARN_UNREACHABLE_CODE = YES;
				CLANG_WARN__DUPLICATE_METHOD_MATCH = YES;
				COPY_PHASE_STRIP = NO;
				DEBUG_INFORMATION_FORMAT = "dwarf-with-dsym";
				ENABLE_NS_ASSERTIONS = NO;
				ENABLE_STRICT_OBJC_MSGSEND = YES;
				GCC_C_LANGUAGE_STANDARD = gnu11;
				GCC_NO_COMMON_BLOCKS = YES;
				GCC_WARN_64_TO_32_BIT_CONVERSION = YES;
				GCC_WARN_ABOUT_RETURN_TYPE = YES_ERROR;
				GCC_WARN_UNDECLARED_SELECTOR = YES;
				GCC_WARN_UNINITIALIZED_AUTOS = YES_AGGRESSIVE;
				GCC_WARN_UNUSED_FUNCTION = YES;
				GCC_WARN_UNUSED_VARIABLE = YES;
				IPHONEOS_DEPLOYMENT_TARGET = 13.2;
				MTL_ENABLE_DEBUG_INFO = NO;
				MTL_FAST_MATH = YES;
				SDKROOT = iphoneos;
				SWIFT_COMPILATION_MODE = wholemodule;
				SWIFT_OPTIMIZATION_LEVEL = "-O";
				VALIDATE_PRODUCT = YES;
			};
			name = Release;
		};
		99AEEE1B23ADA30700D62276 /* Debug */ = {
			isa = XCBuildConfiguration;
			buildSettings = {
				ASSETCATALOG_COMPILER_APPICON_NAME = AppIcon;
				CODE_SIGN_STYLE = Automatic;
				INFOPLIST_FILE = WebAPI/Info.plist;
				LD_RUNPATH_SEARCH_PATHS = (
					"$(inherited)",
					"@executable_path/Frameworks",
				);
				PRODUCT_BUNDLE_IDENTIFIER = com.albertomancarella.WebAPI;
				PRODUCT_NAME = "$(TARGET_NAME)";
				SWIFT_VERSION = 5.0;
				TARGETED_DEVICE_FAMILY = "1,2";
			};
			name = Debug;
		};
		99AEEE1C23ADA30700D62276 /* Release */ = {
			isa = XCBuildConfiguration;
			buildSettings = {
				ASSETCATALOG_COMPILER_APPICON_NAME = AppIcon;
				CODE_SIGN_STYLE = Automatic;
				INFOPLIST_FILE = WebAPI/Info.plist;
				LD_RUNPATH_SEARCH_PATHS = (
					"$(inherited)",
					"@executable_path/Frameworks",
				);
				PRODUCT_BUNDLE_IDENTIFIER = com.albertomancarella.WebAPI;
				PRODUCT_NAME = "$(TARGET_NAME)";
				SWIFT_VERSION = 5.0;
				TARGETED_DEVICE_FAMILY = "1,2";
			};
			name = Release;
		};
/* End XCBuildConfiguration section */

/* Begin XCConfigurationList section */
		99AEEE0123ADA30300D62276 /* Build configuration list for PBXProject "WebAPI" */ = {
			isa = XCConfigurationList;
			buildConfigurations = (
				99AEEE1823ADA30700D62276 /* Debug */,
				99AEEE1923ADA30700D62276 /* Release */,
			);
			defaultConfigurationIsVisible = 0;
			defaultConfigurationName = Release;
		};
		99AEEE1A23ADA30700D62276 /* Build configuration list for PBXNativeTarget "WebAPI" */ = {
			isa = XCConfigurationList;
			buildConfigurations = (
				99AEEE1B23ADA30700D62276 /* Debug */,
				99AEEE1C23ADA30700D62276 /* Release */,
			);
			defaultConfigurationIsVisible = 0;
			defaultConfigurationName = Release;
		};
/* End XCConfigurationList section */
	};
	rootObject = 99AEEDFE23ADA30300D62276 /* Project object */;
}
