// !$*UTF8*$!
{
	archiveVersion = 1;
	classes = {
	};
	objectVersion = 50;
	objects = {

/* Begin PBXBuildFile section */
		D343879D237E94DE002A6190 /* AppDelegate.swift in Sources */ = {isa = PBXBuildFile; fileRef = D343879C237E94DE002A6190 /* AppDelegate.swift */; };
		D343879F237E94DE002A6190 /* SceneDelegate.swift in Sources */ = {isa = PBXBuildFile; fileRef = D343879E237E94DE002A6190 /* SceneDelegate.swift */; };
		D34387A4237E94DE002A6190 /* Main.storyboard in Resources */ = {isa = PBXBuildFile; fileRef = D34387A2237E94DE002A6190 /* Main.storyboard */; };
		D34387A6237E94DF002A6190 /* Assets.xcassets in Resources */ = {isa = PBXBuildFile; fileRef = D34387A5237E94DF002A6190 /* Assets.xcassets */; };
		D34387A9237E94DF002A6190 /* LaunchScreen.storyboard in Resources */ = {isa = PBXBuildFile; fileRef = D34387A7237E94DF002A6190 /* LaunchScreen.storyboard */; };
		D34387B4237E94DF002A6190 /* NotesTests.swift in Sources */ = {isa = PBXBuildFile; fileRef = D34387B3237E94DF002A6190 /* NotesTests.swift */; };
		D34387BF237E94DF002A6190 /* NotesUITests.swift in Sources */ = {isa = PBXBuildFile; fileRef = D34387BE237E94DF002A6190 /* NotesUITests.swift */; };
		D34387CD237E9590002A6190 /* TableViewController.swift in Sources */ = {isa = PBXBuildFile; fileRef = D34387CC237E9590002A6190 /* TableViewController.swift */; };
		D34387CF237E95B6002A6190 /* ViewController.swift in Sources */ = {isa = PBXBuildFile; fileRef = D34387CE237E95B6002A6190 /* ViewController.swift */; };
/* End PBXBuildFile section */

/* Begin PBXContainerItemProxy section */
		D34387B0237E94DF002A6190 /* PBXContainerItemProxy */ = {
			isa = PBXContainerItemProxy;
			containerPortal = D3438791237E94DE002A6190 /* Project object */;
			proxyType = 1;
			remoteGlobalIDString = D3438798237E94DE002A6190;
			remoteInfo = Notes;
		};
		D34387BB237E94DF002A6190 /* PBXContainerItemProxy */ = {
			isa = PBXContainerItemProxy;
			containerPortal = D3438791237E94DE002A6190 /* Project object */;
			proxyType = 1;
			remoteGlobalIDString = D3438798237E94DE002A6190;
			remoteInfo = Notes;
		};
/* End PBXContainerItemProxy section */

/* Begin PBXFileReference section */
		D3438799237E94DE002A6190 /* Notes.app */ = {isa = PBXFileReference; explicitFileType = wrapper.application; includeInIndex = 0; path = Notes.app; sourceTree = BUILT_PRODUCTS_DIR; };
		D343879C237E94DE002A6190 /* AppDelegate.swift */ = {isa = PBXFileReference; lastKnownFileType = sourcecode.swift; path = AppDelegate.swift; sourceTree = "<group>"; };
		D343879E237E94DE002A6190 /* SceneDelegate.swift */ = {isa = PBXFileReference; lastKnownFileType = sourcecode.swift; path = SceneDelegate.swift; sourceTree = "<group>"; };
		D34387A3237E94DE002A6190 /* Base */ = {isa = PBXFileReference; lastKnownFileType = file.storyboard; name = Base; path = Base.lproj/Main.storyboard; sourceTree = "<group>"; };
		D34387A5237E94DF002A6190 /* Assets.xcassets */ = {isa = PBXFileReference; lastKnownFileType = folder.assetcatalog; path = Assets.xcassets; sourceTree = "<group>"; };
		D34387A8237E94DF002A6190 /* Base */ = {isa = PBXFileReference; lastKnownFileType = file.storyboard; name = Base; path = Base.lproj/LaunchScreen.storyboard; sourceTree = "<group>"; };
		D34387AA237E94DF002A6190 /* Info.plist */ = {isa = PBXFileReference; lastKnownFileType = text.plist.xml; path = Info.plist; sourceTree = "<group>"; };
		D34387AF237E94DF002A6190 /* NotesTests.xctest */ = {isa = PBXFileReference; explicitFileType = wrapper.cfbundle; includeInIndex = 0; path = NotesTests.xctest; sourceTree = BUILT_PRODUCTS_DIR; };
		D34387B3237E94DF002A6190 /* NotesTests.swift */ = {isa = PBXFileReference; lastKnownFileType = sourcecode.swift; path = NotesTests.swift; sourceTree = "<group>"; };
		D34387B5237E94DF002A6190 /* Info.plist */ = {isa = PBXFileReference; lastKnownFileType = text.plist.xml; path = Info.plist; sourceTree = "<group>"; };
		D34387BA237E94DF002A6190 /* NotesUITests.xctest */ = {isa = PBXFileReference; explicitFileType = wrapper.cfbundle; includeInIndex = 0; path = NotesUITests.xctest; sourceTree = BUILT_PRODUCTS_DIR; };
		D34387BE237E94DF002A6190 /* NotesUITests.swift */ = {isa = PBXFileReference; lastKnownFileType = sourcecode.swift; path = NotesUITests.swift; sourceTree = "<group>"; };
		D34387C0237E94DF002A6190 /* Info.plist */ = {isa = PBXFileReference; lastKnownFileType = text.plist.xml; path = Info.plist; sourceTree = "<group>"; };
		D34387CC237E9590002A6190 /* TableViewController.swift */ = {isa = PBXFileReference; lastKnownFileType = sourcecode.swift; path = TableViewController.swift; sourceTree = "<group>"; };
		D34387CE237E95B6002A6190 /* ViewController.swift */ = {isa = PBXFileReference; lastKnownFileType = sourcecode.swift; path = ViewController.swift; sourceTree = "<group>"; };
/* End PBXFileReference section */

/* Begin PBXFrameworksBuildPhase section */
		D3438796237E94DE002A6190 /* Frameworks */ = {
			isa = PBXFrameworksBuildPhase;
			buildActionMask = 2147483647;
			files = (
			);
			runOnlyForDeploymentPostprocessing = 0;
		};
		D34387AC237E94DF002A6190 /* Frameworks */ = {
			isa = PBXFrameworksBuildPhase;
			buildActionMask = 2147483647;
			files = (
			);
			runOnlyForDeploymentPostprocessing = 0;
		};
		D34387B7237E94DF002A6190 /* Frameworks */ = {
			isa = PBXFrameworksBuildPhase;
			buildActionMask = 2147483647;
			files = (
			);
			runOnlyForDeploymentPostprocessing = 0;
		};
/* End PBXFrameworksBuildPhase section */

/* Begin PBXGroup section */
		D3438790237E94DE002A6190 = {
			isa = PBXGroup;
			children = (
				D343879B237E94DE002A6190 /* Notes */,
				D34387B2237E94DF002A6190 /* NotesTests */,
				D34387BD237E94DF002A6190 /* NotesUITests */,
				D343879A237E94DE002A6190 /* Products */,
			);
			sourceTree = "<group>";
		};
		D343879A237E94DE002A6190 /* Products */ = {
			isa = PBXGroup;
			children = (
				D3438799237E94DE002A6190 /* Notes.app */,
				D34387AF237E94DF002A6190 /* NotesTests.xctest */,
				D34387BA237E94DF002A6190 /* NotesUITests.xctest */,
			);
			name = Products;
			sourceTree = "<group>";
		};
		D343879B237E94DE002A6190 /* Notes */ = {
			isa = PBXGroup;
			children = (
				D343879C237E94DE002A6190 /* AppDelegate.swift */,
				D343879E237E94DE002A6190 /* SceneDelegate.swift */,
				D34387A2237E94DE002A6190 /* Main.storyboard */,
				D34387CC237E9590002A6190 /* TableViewController.swift */,
				D34387CE237E95B6002A6190 /* ViewController.swift */,
				D34387A5237E94DF002A6190 /* Assets.xcassets */,
				D34387A7237E94DF002A6190 /* LaunchScreen.storyboard */,
				D34387AA237E94DF002A6190 /* Info.plist */,
			);
			path = Notes;
			sourceTree = "<group>";
		};
		D34387B2237E94DF002A6190 /* NotesTests */ = {
			isa = PBXGroup;
			children = (
				D34387B3237E94DF002A6190 /* NotesTests.swift */,
				D34387B5237E94DF002A6190 /* Info.plist */,
			);
			path = NotesTests;
			sourceTree = "<group>";
		};
		D34387BD237E94DF002A6190 /* NotesUITests */ = {
			isa = PBXGroup;
			children = (
				D34387BE237E94DF002A6190 /* NotesUITests.swift */,
				D34387C0237E94DF002A6190 /* Info.plist */,
			);
			path = NotesUITests;
			sourceTree = "<group>";
		};
/* End PBXGroup section */

/* Begin PBXNativeTarget section */
		D3438798237E94DE002A6190 /* Notes */ = {
			isa = PBXNativeTarget;
			buildConfigurationList = D34387C3237E94DF002A6190 /* Build configuration list for PBXNativeTarget "Notes" */;
			buildPhases = (
				D3438795237E94DE002A6190 /* Sources */,
				D3438796237E94DE002A6190 /* Frameworks */,
				D3438797237E94DE002A6190 /* Resources */,
			);
			buildRules = (
			);
			dependencies = (
			);
			name = Notes;
			productName = Notes;
			productReference = D3438799237E94DE002A6190 /* Notes.app */;
			productType = "com.apple.product-type.application";
		};
		D34387AE237E94DF002A6190 /* NotesTests */ = {
			isa = PBXNativeTarget;
			buildConfigurationList = D34387C6237E94DF002A6190 /* Build configuration list for PBXNativeTarget "NotesTests" */;
			buildPhases = (
				D34387AB237E94DF002A6190 /* Sources */,
				D34387AC237E94DF002A6190 /* Frameworks */,
				D34387AD237E94DF002A6190 /* Resources */,
			);
			buildRules = (
			);
			dependencies = (
				D34387B1237E94DF002A6190 /* PBXTargetDependency */,
			);
			name = NotesTests;
			productName = NotesTests;
			productReference = D34387AF237E94DF002A6190 /* NotesTests.xctest */;
			productType = "com.apple.product-type.bundle.unit-test";
		};
		D34387B9237E94DF002A6190 /* NotesUITests */ = {
			isa = PBXNativeTarget;
			buildConfigurationList = D34387C9237E94DF002A6190 /* Build configuration list for PBXNativeTarget "NotesUITests" */;
			buildPhases = (
				D34387B6237E94DF002A6190 /* Sources */,
				D34387B7237E94DF002A6190 /* Frameworks */,
				D34387B8237E94DF002A6190 /* Resources */,
			);
			buildRules = (
			);
			dependencies = (
				D34387BC237E94DF002A6190 /* PBXTargetDependency */,
			);
			name = NotesUITests;
			productName = NotesUITests;
			productReference = D34387BA237E94DF002A6190 /* NotesUITests.xctest */;
			productType = "com.apple.product-type.bundle.ui-testing";
		};
/* End PBXNativeTarget section */

/* Begin PBXProject section */
		D3438791237E94DE002A6190 /* Project object */ = {
			isa = PBXProject;
			attributes = {
				LastSwiftUpdateCheck = 1120;
				LastUpgradeCheck = 1120;
				ORGANIZATIONNAME = "Alberto Mancarella";
				TargetAttributes = {
					D3438798237E94DE002A6190 = {
						CreatedOnToolsVersion = 11.2.1;
					};
					D34387AE237E94DF002A6190 = {
						CreatedOnToolsVersion = 11.2.1;
						TestTargetID = D3438798237E94DE002A6190;
					};
					D34387B9237E94DF002A6190 = {
						CreatedOnToolsVersion = 11.2.1;
						TestTargetID = D3438798237E94DE002A6190;
					};
				};
			};
			buildConfigurationList = D3438794237E94DE002A6190 /* Build configuration list for PBXProject "Notes" */;
			compatibilityVersion = "Xcode 9.3";
			developmentRegion = en;
			hasScannedForEncodings = 0;
			knownRegions = (
				en,
				Base,
			);
			mainGroup = D3438790237E94DE002A6190;
			productRefGroup = D343879A237E94DE002A6190 /* Products */;
			projectDirPath = "";
			projectRoot = "";
			targets = (
				D3438798237E94DE002A6190 /* Notes */,
				D34387AE237E94DF002A6190 /* NotesTests */,
				D34387B9237E94DF002A6190 /* NotesUITests */,
			);
		};
/* End PBXProject section */

/* Begin PBXResourcesBuildPhase section */
		D3438797237E94DE002A6190 /* Resources */ = {
			isa = PBXResourcesBuildPhase;
			buildActionMask = 2147483647;
			files = (
				D34387A9237E94DF002A6190 /* LaunchScreen.storyboard in Resources */,
				D34387A6237E94DF002A6190 /* Assets.xcassets in Resources */,
				D34387A4237E94DE002A6190 /* Main.storyboard in Resources */,
			);
			runOnlyForDeploymentPostprocessing = 0;
		};
		D34387AD237E94DF002A6190 /* Resources */ = {
			isa = PBXResourcesBuildPhase;
			buildActionMask = 2147483647;
			files = (
			);
			runOnlyForDeploymentPostprocessing = 0;
		};
		D34387B8237E94DF002A6190 /* Resources */ = {
			isa = PBXResourcesBuildPhase;
			buildActionMask = 2147483647;
			files = (
			);
			runOnlyForDeploymentPostprocessing = 0;
		};
/* End PBXResourcesBuildPhase section */

/* Begin PBXSourcesBuildPhase section */
		D3438795237E94DE002A6190 /* Sources */ = {
			isa = PBXSourcesBuildPhase;
			buildActionMask = 2147483647;
			files = (
				D343879D237E94DE002A6190 /* AppDelegate.swift in Sources */,
				D34387CD237E9590002A6190 /* TableViewController.swift in Sources */,
				D34387CF237E95B6002A6190 /* ViewController.swift in Sources */,
				D343879F237E94DE002A6190 /* SceneDelegate.swift in Sources */,
			);
			runOnlyForDeploymentPostprocessing = 0;
		};
		D34387AB237E94DF002A6190 /* Sources */ = {
			isa = PBXSourcesBuildPhase;
			buildActionMask = 2147483647;
			files = (
				D34387B4237E94DF002A6190 /* NotesTests.swift in Sources */,
			);
			runOnlyForDeploymentPostprocessing = 0;
		};
		D34387B6237E94DF002A6190 /* Sources */ = {
			isa = PBXSourcesBuildPhase;
			buildActionMask = 2147483647;
			files = (
				D34387BF237E94DF002A6190 /* NotesUITests.swift in Sources */,
			);
			runOnlyForDeploymentPostprocessing = 0;
		};
/* End PBXSourcesBuildPhase section */

/* Begin PBXTargetDependency section */
		D34387B1237E94DF002A6190 /* PBXTargetDependency */ = {
			isa = PBXTargetDependency;
			target = D3438798237E94DE002A6190 /* Notes */;
			targetProxy = D34387B0237E94DF002A6190 /* PBXContainerItemProxy */;
		};
		D34387BC237E94DF002A6190 /* PBXTargetDependency */ = {
			isa = PBXTargetDependency;
			target = D3438798237E94DE002A6190 /* Notes */;
			targetProxy = D34387BB237E94DF002A6190 /* PBXContainerItemProxy */;
		};
/* End PBXTargetDependency section */

/* Begin PBXVariantGroup section */
		D34387A2237E94DE002A6190 /* Main.storyboard */ = {
			isa = PBXVariantGroup;
			children = (
				D34387A3237E94DE002A6190 /* Base */,
			);
			name = Main.storyboard;
			sourceTree = "<group>";
		};
		D34387A7237E94DF002A6190 /* LaunchScreen.storyboard */ = {
			isa = PBXVariantGroup;
			children = (
				D34387A8237E94DF002A6190 /* Base */,
			);
			name = LaunchScreen.storyboard;
			sourceTree = "<group>";
		};
/* End PBXVariantGroup section */

/* Begin XCBuildConfiguration section */
		D34387C1237E94DF002A6190 /* Debug */ = {
			isa = XCBuildConfiguration;
			buildSettings = {
				ALWAYS_SEARCH_USER_PATHS = NO;
				CLANG_ANALYZER_NONNULL = YES;
				CLANG_ANALYZER_NUMBER_OBJECT_CONVERSION = YES_AGGRESSIVE;
				CLANG_CXX_LANGUAGE_STANDARD = "gnu++14";
				CLANG_CXX_LIBRARY = "libc++";
				CLANG_ENABLE_MODULES = YES;
				CLANG_ENABLE_OBJC_ARC = YES;
				CLANG_ENABLE_OBJC_WEAK = YES;
				CLANG_WARN_BLOCK_CAPTURE_AUTORELEASING = YES;
				CLANG_WARN_BOOL_CONVERSION = YES;
				CLANG_WARN_COMMA = YES;
				CLANG_WARN_CONSTANT_CONVERSION = YES;
				CLANG_WARN_DEPRECATED_OBJC_IMPLEMENTATIONS = YES;
				CLANG_WARN_DIRECT_OBJC_ISA_USAGE = YES_ERROR;
				CLANG_WARN_DOCUMENTATION_COMMENTS = YES;
				CLANG_WARN_EMPTY_BODY = YES;
				CLANG_WARN_ENUM_CONVERSION = YES;
				CLANG_WARN_INFINITE_RECURSION = YES;
				CLANG_WARN_INT_CONVERSION = YES;
				CLANG_WARN_NON_LITERAL_NULL_CONVERSION = YES;
				CLANG_WARN_OBJC_IMPLICIT_RETAIN_SELF = YES;
				CLANG_WARN_OBJC_LITERAL_CONVERSION = YES;
				CLANG_WARN_OBJC_ROOT_CLASS = YES_ERROR;
				CLANG_WARN_RANGE_LOOP_ANALYSIS = YES;
				CLANG_WARN_STRICT_PROTOTYPES = YES;
				CLANG_WARN_SUSPICIOUS_MOVE = YES;
				CLANG_WARN_UNGUARDED_AVAILABILITY = YES_AGGRESSIVE;
				CLANG_WARN_UNREACHABLE_CODE = YES;
				CLANG_WARN__DUPLICATE_METHOD_MATCH = YES;
				COPY_PHASE_STRIP = NO;
				DEBUG_INFORMATION_FORMAT = dwarf;
				ENABLE_STRICT_OBJC_MSGSEND = YES;
				ENABLE_TESTABILITY = YES;
				GCC_C_LANGUAGE_STANDARD = gnu11;
				GCC_DYNAMIC_NO_PIC = NO;
				GCC_NO_COMMON_BLOCKS = YES;
				GCC_OPTIMIZATION_LEVEL = 0;
				GCC_PREPROCESSOR_DEFINITIONS = (
					"DEBUG=1",
					"$(inherited)",
				);
				GCC_WARN_64_TO_32_BIT_CONVERSION = YES;
				GCC_WARN_ABOUT_RETURN_TYPE = YES_ERROR;
				GCC_WARN_UNDECLARED_SELECTOR = YES;
				GCC_WARN_UNINITIALIZED_AUTOS = YES_AGGRESSIVE;
				GCC_WARN_UNUSED_FUNCTION = YES;
				GCC_WARN_UNUSED_VARIABLE = YES;
				IPHONEOS_DEPLOYMENT_TARGET = 13.2;
				MTL_ENABLE_DEBUG_INFO = INCLUDE_SOURCE;
				MTL_FAST_MATH = YES;
				ONLY_ACTIVE_ARCH = YES;
				SDKROOT = iphoneos;
				SWIFT_ACTIVE_COMPILATION_CONDITIONS = DEBUG;
				SWIFT_OPTIMIZATION_LEVEL = "-Onone";
			};
			name = Debug;
		};
		D34387C2237E94DF002A6190 /* Release */ = {
			isa = XCBuildConfiguration;
			buildSettings = {
				ALWAYS_SEARCH_USER_PATHS = NO;
				CLANG_ANALYZER_NONNULL = YES;
				CLANG_ANALYZER_NUMBER_OBJECT_CONVERSION = YES_AGGRESSIVE;
				CLANG_CXX_LANGUAGE_STANDARD = "gnu++14";
				CLANG_CXX_LIBRARY = "libc++";
				CLANG_ENABLE_MODULES = YES;
				CLANG_ENABLE_OBJC_ARC = YES;
				CLANG_ENABLE_OBJC_WEAK = YES;
				CLANG_WARN_BLOCK_CAPTURE_AUTORELEASING = YES;
				CLANG_WARN_BOOL_CONVERSION = YES;
				CLANG_WARN_COMMA = YES;
				CLANG_WARN_CONSTANT_CONVERSION = YES;
				CLANG_WARN_DEPRECATED_OBJC_IMPLEMENTATIONS = YES;
				CLANG_WARN_DIRECT_OBJC_ISA_USAGE = YES_ERROR;
				CLANG_WARN_DOCUMENTATION_COMMENTS = YES;
				CLANG_WARN_EMPTY_BODY = YES;
				CLANG_WARN_ENUM_CONVERSION = YES;
				CLANG_WARN_INFINITE_RECURSION = YES;
				CLANG_WARN_INT_CONVERSION = YES;
				CLANG_WARN_NON_LITERAL_NULL_CONVERSION = YES;
				CLANG_WARN_OBJC_IMPLICIT_RETAIN_SELF = YES;
				CLANG_WARN_OBJC_LITERAL_CONVERSION = YES;
				CLANG_WARN_OBJC_ROOT_CLASS = YES_ERROR;
				CLANG_WARN_RANGE_LOOP_ANALYSIS = YES;
				CLANG_WARN_STRICT_PROTOTYPES = YES;
				CLANG_WARN_SUSPICIOUS_MOVE = YES;
				CLANG_WARN_UNGUARDED_AVAILABILITY = YES_AGGRESSIVE;
				CLANG_WARN_UNREACHABLE_CODE = YES;
				CLANG_WARN__DUPLICATE_METHOD_MATCH = YES;
				COPY_PHASE_STRIP = NO;
				DEBUG_INFORMATION_FORMAT = "dwarf-with-dsym";
				ENABLE_NS_ASSERTIONS = NO;
				ENABLE_STRICT_OBJC_MSGSEND = YES;
				GCC_C_LANGUAGE_STANDARD = gnu11;
				GCC_NO_COMMON_BLOCKS = YES;
				GCC_WARN_64_TO_32_BIT_CONVERSION = YES;
				GCC_WARN_ABOUT_RETURN_TYPE = YES_ERROR;
				GCC_WARN_UNDECLARED_SELECTOR = YES;
				GCC_WARN_UNINITIALIZED_AUTOS = YES_AGGRESSIVE;
				GCC_WARN_UNUSED_FUNCTION = YES;
				GCC_WARN_UNUSED_VARIABLE = YES;
				IPHONEOS_DEPLOYMENT_TARGET = 13.2;
				MTL_ENABLE_DEBUG_INFO = NO;
				MTL_FAST_MATH = YES;
				SDKROOT = iphoneos;
				SWIFT_COMPILATION_MODE = wholemodule;
				SWIFT_OPTIMIZATION_LEVEL = "-O";
				VALIDATE_PRODUCT = YES;
			};
			name = Release;
		};
		D34387C4237E94DF002A6190 /* Debug */ = {
			isa = XCBuildConfiguration;
			buildSettings = {
				ASSETCATALOG_COMPILER_APPICON_NAME = AppIcon;
				CODE_SIGN_STYLE = Automatic;
				DEVELOPMENT_TEAM = F3G27URJF5;
				INFOPLIST_FILE = Notes/Info.plist;
				LD_RUNPATH_SEARCH_PATHS = (
					"$(inherited)",
					"@executable_path/Frameworks",
				);
				PRODUCT_BUNDLE_IDENTIFIER = test.Notes;
				PRODUCT_NAME = "$(TARGET_NAME)";
				SWIFT_VERSION = 5.0;
				TARGETED_DEVICE_FAMILY = "1,2";
			};
			name = Debug;
		};
		D34387C5237E94DF002A6190 /* Release */ = {
			isa = XCBuildConfiguration;
			buildSettings = {
				ASSETCATALOG_COMPILER_APPICON_NAME = AppIcon;
				CODE_SIGN_STYLE = Automatic;
				DEVELOPMENT_TEAM = F3G27URJF5;
				INFOPLIST_FILE = Notes/Info.plist;
				LD_RUNPATH_SEARCH_PATHS = (
					"$(inherited)",
					"@executable_path/Frameworks",
				);
				PRODUCT_BUNDLE_IDENTIFIER = test.Notes;
				PRODUCT_NAME = "$(TARGET_NAME)";
				SWIFT_VERSION = 5.0;
				TARGETED_DEVICE_FAMILY = "1,2";
			};
			name = Release;
		};
		D34387C7237E94DF002A6190 /* Debug */ = {
			isa = XCBuildConfiguration;
			buildSettings = {
				ALWAYS_EMBED_SWIFT_STANDARD_LIBRARIES = YES;
				BUNDLE_LOADER = "$(TEST_HOST)";
				CODE_SIGN_STYLE = Automatic;
				DEVELOPMENT_TEAM = F3G27URJF5;
				INFOPLIST_FILE = NotesTests/Info.plist;
				IPHONEOS_DEPLOYMENT_TARGET = 13.2;
				LD_RUNPATH_SEARCH_PATHS = (
					"$(inherited)",
					"@executable_path/Frameworks",
					"@loader_path/Frameworks",
				);
				PRODUCT_BUNDLE_IDENTIFIER = test.NotesTests;
				PRODUCT_NAME = "$(TARGET_NAME)";
				SWIFT_VERSION = 5.0;
				TARGETED_DEVICE_FAMILY = "1,2";
				TEST_HOST = "$(BUILT_PRODUCTS_DIR)/Notes.app/Notes";
			};
			name = Debug;
		};
		D34387C8237E94DF002A6190 /* Release */ = {
			isa = XCBuildConfiguration;
			buildSettings = {
				ALWAYS_EMBED_SWIFT_STANDARD_LIBRARIES = YES;
				BUNDLE_LOADER = "$(TEST_HOST)";
				CODE_SIGN_STYLE = Automatic;
				DEVELOPMENT_TEAM = F3G27URJF5;
				INFOPLIST_FILE = NotesTests/Info.plist;
				IPHONEOS_DEPLOYMENT_TARGET = 13.2;
				LD_RUNPATH_SEARCH_PATHS = (
					"$(inherited)",
					"@executable_path/Frameworks",
					"@loader_path/Frameworks",
				);
				PRODUCT_BUNDLE_IDENTIFIER = test.NotesTests;
				PRODUCT_NAME = "$(TARGET_NAME)";
				SWIFT_VERSION = 5.0;
				TARGETED_DEVICE_FAMILY = "1,2";
				TEST_HOST = "$(BUILT_PRODUCTS_DIR)/Notes.app/Notes";
			};
			name = Release;
		};
		D34387CA237E94DF002A6190 /* Debug */ = {
			isa = XCBuildConfiguration;
			buildSettings = {
				ALWAYS_EMBED_SWIFT_STANDARD_LIBRARIES = YES;
				CODE_SIGN_STYLE = Automatic;
				DEVELOPMENT_TEAM = F3G27URJF5;
				INFOPLIST_FILE = NotesUITests/Info.plist;
				LD_RUNPATH_SEARCH_PATHS = (
					"$(inherited)",
					"@executable_path/Frameworks",
					"@loader_path/Frameworks",
				);
				PRODUCT_BUNDLE_IDENTIFIER = test.NotesUITests;
				PRODUCT_NAME = "$(TARGET_NAME)";
				SWIFT_VERSION = 5.0;
				TARGETED_DEVICE_FAMILY = "1,2";
				TEST_TARGET_NAME = Notes;
			};
			name = Debug;
		};
		D34387CB237E94DF002A6190 /* Release */ = {
			isa = XCBuildConfiguration;
			buildSettings = {
				ALWAYS_EMBED_SWIFT_STANDARD_LIBRARIES = YES;
				CODE_SIGN_STYLE = Automatic;
				DEVELOPMENT_TEAM = F3G27URJF5;
				INFOPLIST_FILE = NotesUITests/Info.plist;
				LD_RUNPATH_SEARCH_PATHS = (
					"$(inherited)",
					"@executable_path/Frameworks",
					"@loader_path/Frameworks",
				);
				PRODUCT_BUNDLE_IDENTIFIER = test.NotesUITests;
				PRODUCT_NAME = "$(TARGET_NAME)";
				SWIFT_VERSION = 5.0;
				TARGETED_DEVICE_FAMILY = "1,2";
				TEST_TARGET_NAME = Notes;
			};
			name = Release;
		};
/* End XCBuildConfiguration section */

/* Begin XCConfigurationList section */
		D3438794237E94DE002A6190 /* Build configuration list for PBXProject "Notes" */ = {
			isa = XCConfigurationList;
			buildConfigurations = (
				D34387C1237E94DF002A6190 /* Debug */,
				D34387C2237E94DF002A6190 /* Release */,
			);
			defaultConfigurationIsVisible = 0;
			defaultConfigurationName = Release;
		};
		D34387C3237E94DF002A6190 /* Build configuration list for PBXNativeTarget "Notes" */ = {
			isa = XCConfigurationList;
			buildConfigurations = (
				D34387C4237E94DF002A6190 /* Debug */,
				D34387C5237E94DF002A6190 /* Release */,
			);
			defaultConfigurationIsVisible = 0;
			defaultConfigurationName = Release;
		};
		D34387C6237E94DF002A6190 /* Build configuration list for PBXNativeTarget "NotesTests" */ = {
			isa = XCConfigurationList;
			buildConfigurations = (
				D34387C7237E94DF002A6190 /* Debug */,
				D34387C8237E94DF002A6190 /* Release */,
			);
			defaultConfigurationIsVisible = 0;
			defaultConfigurationName = Release;
		};
		D34387C9237E94DF002A6190 /* Build configuration list for PBXNativeTarget "NotesUITests" */ = {
			isa = XCConfigurationList;
			buildConfigurations = (
				D34387CA237E94DF002A6190 /* Debug */,
				D34387CB237E94DF002A6190 /* Release */,
			);
			defaultConfigurationIsVisible = 0;
			defaultConfigurationName = Release;
		};
/* End XCConfigurationList section */
	};
	rootObject = D3438791237E94DE002A6190 /* Project object */;
}
