// !$*UTF8*$!
{
	archiveVersion = 1;
	classes = {
	};
	objectVersion = 50;
	objects = {

/* Begin PBXBuildFile section */
		99E7A5F52416A93800667DFC /* AppDelegate.swift in Sources */ = {isa = PBXBuildFile; fileRef = 99E7A5F42416A93800667DFC /* AppDelegate.swift */; };
		99E7A5F72416A93800667DFC /* SceneDelegate.swift in Sources */ = {isa = PBXBuildFile; fileRef = 99E7A5F62416A93800667DFC /* SceneDelegate.swift */; };
		99E7A5F92416A93800667DFC /* ViewController.swift in Sources */ = {isa = PBXBuildFile; fileRef = 99E7A5F82416A93800667DFC /* ViewController.swift */; };
		99E7A5FC2416A93800667DFC /* Main.storyboard in Resources */ = {isa = PBXBuildFile; fileRef = 99E7A5FA2416A93800667DFC /* Main.storyboard */; };
		99E7A5FE2416A93900667DFC /* Assets.xcassets in Resources */ = {isa = PBXBuildFile; fileRef = 99E7A5FD2416A93900667DFC /* Assets.xcassets */; };
		99E7A6012416A93900667DFC /* LaunchScreen.storyboard in Resources */ = {isa = PBXBuildFile; fileRef = 99E7A5FF2416A93900667DFC /* LaunchScreen.storyboard */; };
		99E7A60A2416A97200667DFC /* ARKit.framework in Frameworks */ = {isa = PBXBuildFile; fileRef = 99E7A6092416A97200667DFC /* ARKit.framework */; };
		99E7A60E2416AA7900667DFC /* arresources.scnassets in Resources */ = {isa = PBXBuildFile; fileRef = 99E7A60D2416AA7900667DFC /* arresources.scnassets */; };
/* End PBXBuildFile section */

/* Begin PBXFileReference section */
		99E7A5F12416A93800667DFC /* FirstARApp.app */ = {isa = PBXFileReference; explicitFileType = wrapper.application; includeInIndex = 0; path = FirstARApp.app; sourceTree = BUILT_PRODUCTS_DIR; };
		99E7A5F42416A93800667DFC /* AppDelegate.swift */ = {isa = PBXFileReference; lastKnownFileType = sourcecode.swift; path = AppDelegate.swift; sourceTree = "<group>"; };
		99E7A5F62416A93800667DFC /* SceneDelegate.swift */ = {isa = PBXFileReference; lastKnownFileType = sourcecode.swift; path = SceneDelegate.swift; sourceTree = "<group>"; };
		99E7A5F82416A93800667DFC /* ViewController.swift */ = {isa = PBXFileReference; lastKnownFileType = sourcecode.swift; path = ViewController.swift; sourceTree = "<group>"; };
		99E7A5FB2416A93800667DFC /* Base */ = {isa = PBXFileReference; lastKnownFileType = file.storyboard; name = Base; path = Base.lproj/Main.storyboard; sourceTree = "<group>"; };
		99E7A5FD2416A93900667DFC /* Assets.xcassets */ = {isa = PBXFileReference; lastKnownFileType = folder.assetcatalog; path = Assets.xcassets; sourceTree = "<group>"; };
		99E7A6002416A93900667DFC /* Base */ = {isa = PBXFileReference; lastKnownFileType = file.storyboard; name = Base; path = Base.lproj/LaunchScreen.storyboard; sourceTree = "<group>"; };
		99E7A6022416A93900667DFC /* Info.plist */ = {isa = PBXFileReference; lastKnownFileType = text.plist.xml; path = Info.plist; sourceTree = "<group>"; };
		99E7A6092416A97200667DFC /* ARKit.framework */ = {isa = PBXFileReference; lastKnownFileType = wrapper.framework; name = ARKit.framework; path = System/Library/Frameworks/ARKit.framework; sourceTree = SDKROOT; };
		99E7A60D2416AA7900667DFC /* arresources.scnassets */ = {isa = PBXFileReference; lastKnownFileType = wrapper.scnassets; path = arresources.scnassets; sourceTree = "<group>"; };
/* End PBXFileReference section */

/* Begin PBXFrameworksBuildPhase section */
		99E7A5EE2416A93800667DFC /* Frameworks */ = {
			isa = PBXFrameworksBuildPhase;
			buildActionMask = 2147483647;
			files = (
				99E7A60A2416A97200667DFC /* ARKit.framework in Frameworks */,
			);
			runOnlyForDeploymentPostprocessing = 0;
		};
/* End PBXFrameworksBuildPhase section */

/* Begin PBXGroup section */
		99E7A5E82416A93800667DFC = {
			isa = PBXGroup;
			children = (
				99E7A5F32416A93800667DFC /* FirstARApp */,
				99E7A5F22416A93800667DFC /* Products */,
				99E7A6082416A97200667DFC /* Frameworks */,
			);
			sourceTree = "<group>";
		};
		99E7A5F22416A93800667DFC /* Products */ = {
			isa = PBXGroup;
			children = (
				99E7A5F12416A93800667DFC /* FirstARApp.app */,
			);
			name = Products;
			sourceTree = "<group>";
		};
		99E7A5F32416A93800667DFC /* FirstARApp */ = {
			isa = PBXGroup;
			children = (
				99E7A60D2416AA7900667DFC /* arresources.scnassets */,
				99E7A5F42416A93800667DFC /* AppDelegate.swift */,
				99E7A5F62416A93800667DFC /* SceneDelegate.swift */,
				99E7A5F82416A93800667DFC /* ViewController.swift */,
				99E7A5FA2416A93800667DFC /* Main.storyboard */,
				99E7A5FD2416A93900667DFC /* Assets.xcassets */,
				99E7A5FF2416A93900667DFC /* LaunchScreen.storyboard */,
				99E7A6022416A93900667DFC /* Info.plist */,
			);
			path = FirstARApp;
			sourceTree = "<group>";
		};
		99E7A6082416A97200667DFC /* Frameworks */ = {
			isa = PBXGroup;
			children = (
				99E7A6092416A97200667DFC /* ARKit.framework */,
			);
			name = Frameworks;
			sourceTree = "<group>";
		};
/* End PBXGroup section */

/* Begin PBXNativeTarget section */
		99E7A5F02416A93800667DFC /* FirstARApp */ = {
			isa = PBXNativeTarget;
			buildConfigurationList = 99E7A6052416A93900667DFC /* Build configuration list for PBXNativeTarget "FirstARApp" */;
			buildPhases = (
				99E7A5ED2416A93800667DFC /* Sources */,
				99E7A5EE2416A93800667DFC /* Frameworks */,
				99E7A5EF2416A93800667DFC /* Resources */,
			);
			buildRules = (
			);
			dependencies = (
			);
			name = FirstARApp;
			productName = FirstARApp;
			productReference = 99E7A5F12416A93800667DFC /* FirstARApp.app */;
			productType = "com.apple.product-type.application";
		};
/* End PBXNativeTarget section */

/* Begin PBXProject section */
		99E7A5E92416A93800667DFC /* Project object */ = {
			isa = PBXProject;
			attributes = {
				LastSwiftUpdateCheck = 1130;
				LastUpgradeCheck = 1130;
				ORGANIZATIONNAME = "Alberto Mancarella";
				TargetAttributes = {
					99E7A5F02416A93800667DFC = {
						CreatedOnToolsVersion = 11.3.1;
					};
				};
			};
			buildConfigurationList = 99E7A5EC2416A93800667DFC /* Build configuration list for PBXProject "FirstARApp" */;
			compatibilityVersion = "Xcode 9.3";
			developmentRegion = en;
			hasScannedForEncodings = 0;
			knownRegions = (
				en,
				Base,
			);
			mainGroup = 99E7A5E82416A93800667DFC;
			productRefGroup = 99E7A5F22416A93800667DFC /* Products */;
			projectDirPath = "";
			projectRoot = "";
			targets = (
				99E7A5F02416A93800667DFC /* FirstARApp */,
			);
		};
/* End PBXProject section */

/* Begin PBXResourcesBuildPhase section */
		99E7A5EF2416A93800667DFC /* Resources */ = {
			isa = PBXResourcesBuildPhase;
			buildActionMask = 2147483647;
			files = (
				99E7A60E2416AA7900667DFC /* arresources.scnassets in Resources */,
				99E7A6012416A93900667DFC /* LaunchScreen.storyboard in Resources */,
				99E7A5FE2416A93900667DFC /* Assets.xcassets in Resources */,
				99E7A5FC2416A93800667DFC /* Main.storyboard in Resources */,
			);
			runOnlyForDeploymentPostprocessing = 0;
		};
/* End PBXResourcesBuildPhase section */

/* Begin PBXSourcesBuildPhase section */
		99E7A5ED2416A93800667DFC /* Sources */ = {
			isa = PBXSourcesBuildPhase;
			buildActionMask = 2147483647;
			files = (
				99E7A5F92416A93800667DFC /* ViewController.swift in Sources */,
				99E7A5F52416A93800667DFC /* AppDelegate.swift in Sources */,
				99E7A5F72416A93800667DFC /* SceneDelegate.swift in Sources */,
			);
			runOnlyForDeploymentPostprocessing = 0;
		};
/* End PBXSourcesBuildPhase section */

/* Begin PBXVariantGroup section */
		99E7A5FA2416A93800667DFC /* Main.storyboard */ = {
			isa = PBXVariantGroup;
			children = (
				99E7A5FB2416A93800667DFC /* Base */,
			);
			name = Main.storyboard;
			sourceTree = "<group>";
		};
		99E7A5FF2416A93900667DFC /* LaunchScreen.storyboard */ = {
			isa = PBXVariantGroup;
			children = (
				99E7A6002416A93900667DFC /* Base */,
			);
			name = LaunchScreen.storyboard;
			sourceTree = "<group>";
		};
/* End PBXVariantGroup section */

/* Begin XCBuildConfiguration section */
		99E7A6032416A93900667DFC /* Debug */ = {
			isa = XCBuildConfiguration;
			buildSettings = {
				ALWAYS_SEARCH_USER_PATHS = NO;
				CLANG_ANALYZER_NONNULL = YES;
				CLANG_ANALYZER_NUMBER_OBJECT_CONVERSION = YES_AGGRESSIVE;
				CLANG_CXX_LANGUAGE_STANDARD = "gnu++14";
				CLANG_CXX_LIBRARY = "libc++";
				CLANG_ENABLE_MODULES = YES;
				CLANG_ENABLE_OBJC_ARC = YES;
				CLANG_ENABLE_OBJC_WEAK = YES;
				CLANG_WARN_BLOCK_CAPTURE_AUTORELEASING = YES;
				CLANG_WARN_BOOL_CONVERSION = YES;
				CLANG_WARN_COMMA = YES;
				CLANG_WARN_CONSTANT_CONVERSION = YES;
				CLANG_WARN_DEPRECATED_OBJC_IMPLEMENTATIONS = YES;
				CLANG_WARN_DIRECT_OBJC_ISA_USAGE = YES_ERROR;
				CLANG_WARN_DOCUMENTATION_COMMENTS = YES;
				CLANG_WARN_EMPTY_BODY = YES;
				CLANG_WARN_ENUM_CONVERSION = YES;
				CLANG_WARN_INFINITE_RECURSION = YES;
				CLANG_WARN_INT_CONVERSION = YES;
				CLANG_WARN_NON_LITERAL_NULL_CONVERSION = YES;
				CLANG_WARN_OBJC_IMPLICIT_RETAIN_SELF = YES;
				CLANG_WARN_OBJC_LITERAL_CONVERSION = YES;
				CLANG_WARN_OBJC_ROOT_CLASS = YES_ERROR;
				CLANG_WARN_RANGE_LOOP_ANALYSIS = YES;
				CLANG_WARN_STRICT_PROTOTYPES = YES;
				CLANG_WARN_SUSPICIOUS_MOVE = YES;
				CLANG_WARN_UNGUARDED_AVAILABILITY = YES_AGGRESSIVE;
				CLANG_WARN_UNREACHABLE_CODE = YES;
				CLANG_WARN__DUPLICATE_METHOD_MATCH = YES;
				COPY_PHASE_STRIP = NO;
				DEBUG_INFORMATION_FORMAT = dwarf;
				ENABLE_STRICT_OBJC_MSGSEND = YES;
				ENABLE_TESTABILITY = YES;
				GCC_C_LANGUAGE_STANDARD = gnu11;
				GCC_DYNAMIC_NO_PIC = NO;
				GCC_NO_COMMON_BLOCKS = YES;
				GCC_OPTIMIZATION_LEVEL = 0;
				GCC_PREPROCESSOR_DEFINITIONS = (
					"DEBUG=1",
					"$(inherited)",
				);
				GCC_WARN_64_TO_32_BIT_CONVERSION = YES;
				GCC_WARN_ABOUT_RETURN_TYPE = YES_ERROR;
				GCC_WARN_UNDECLARED_SELECTOR = YES;
				GCC_WARN_UNINITIALIZED_AUTOS = YES_AGGRESSIVE;
				GCC_WARN_UNUSED_FUNCTION = YES;
				GCC_WARN_UNUSED_VARIABLE = YES;
				IPHONEOS_DEPLOYMENT_TARGET = 13.2;
				MTL_ENABLE_DEBUG_INFO = INCLUDE_SOURCE;
				MTL_FAST_MATH = YES;
				ONLY_ACTIVE_ARCH = YES;
				SDKROOT = iphoneos;
				SWIFT_ACTIVE_COMPILATION_CONDITIONS = DEBUG;
				SWIFT_OPTIMIZATION_LEVEL = "-Onone";
			};
			name = Debug;
		};
		99E7A6042416A93900667DFC /* Release */ = {
			isa = XCBuildConfiguration;
			buildSettings = {
				ALWAYS_SEARCH_USER_PATHS = NO;
				CLANG_ANALYZER_NONNULL = YES;
				CLANG_ANALYZER_NUMBER_OBJECT_CONVERSION = YES_AGGRESSIVE;
				CLANG_CXX_LANGUAGE_STANDARD = "gnu++14";
				CLANG_CXX_LIBRARY = "libc++";
				CLANG_ENABLE_MODULES = YES;
				CLANG_ENABLE_OBJC_ARC = YES;
				CLANG_ENABLE_OBJC_WEAK = YES;
				CLANG_WARN_BLOCK_CAPTURE_AUTORELEASING = YES;
				CLANG_WARN_BOOL_CONVERSION = YES;
				CLANG_WARN_COMMA = YES;
				CLANG_WARN_CONSTANT_CONVERSION = YES;
				CLANG_WARN_DEPRECATED_OBJC_IMPLEMENTATIONS = YES;
				CLANG_WARN_DIRECT_OBJC_ISA_USAGE = YES_ERROR;
				CLANG_WARN_DOCUMENTATION_COMMENTS = YES;
				CLANG_WARN_EMPTY_BODY = YES;
				CLANG_WARN_ENUM_CONVERSION = YES;
				CLANG_WARN_INFINITE_RECURSION = YES;
				CLANG_WARN_INT_CONVERSION = YES;
				CLANG_WARN_NON_LITERAL_NULL_CONVERSION = YES;
				CLANG_WARN_OBJC_IMPLICIT_RETAIN_SELF = YES;
				CLANG_WARN_OBJC_LITERAL_CONVERSION = YES;
				CLANG_WARN_OBJC_ROOT_CLASS = YES_ERROR;
				CLANG_WARN_RANGE_LOOP_ANALYSIS = YES;
				CLANG_WARN_STRICT_PROTOTYPES = YES;
				CLANG_WARN_SUSPICIOUS_MOVE = YES;
				CLANG_WARN_UNGUARDED_AVAILABILITY = YES_AGGRESSIVE;
				CLANG_WARN_UNREACHABLE_CODE = YES;
				CLANG_WARN__DUPLICATE_METHOD_MATCH = YES;
				COPY_PHASE_STRIP = NO;
				DEBUG_INFORMATION_FORMAT = "dwarf-with-dsym";
				ENABLE_NS_ASSERTIONS = NO;
				ENABLE_STRICT_OBJC_MSGSEND = YES;
				GCC_C_LANGUAGE_STANDARD = gnu11;
				GCC_NO_COMMON_BLOCKS = YES;
				GCC_WARN_64_TO_32_BIT_CONVERSION = YES;
				GCC_WARN_ABOUT_RETURN_TYPE = YES_ERROR;
				GCC_WARN_UNDECLARED_SELECTOR = YES;
				GCC_WARN_UNINITIALIZED_AUTOS = YES_AGGRESSIVE;
				GCC_WARN_UNUSED_FUNCTION = YES;
				GCC_WARN_UNUSED_VARIABLE = YES;
				IPHONEOS_DEPLOYMENT_TARGET = 13.2;
				MTL_ENABLE_DEBUG_INFO = NO;
				MTL_FAST_MATH = YES;
				SDKROOT = iphoneos;
				SWIFT_COMPILATION_MODE = wholemodule;
				SWIFT_OPTIMIZATION_LEVEL = "-O";
				VALIDATE_PRODUCT = YES;
			};
			name = Release;
		};
		99E7A6062416A93900667DFC /* Debug */ = {
			isa = XCBuildConfiguration;
			buildSettings = {
				ASSETCATALOG_COMPILER_APPICON_NAME = AppIcon;
				CODE_SIGN_STYLE = Automatic;
				DEVELOPMENT_TEAM = F3G27URJF5;
				INFOPLIST_FILE = FirstARApp/Info.plist;
				LD_RUNPATH_SEARCH_PATHS = (
					"$(inherited)",
					"@executable_path/Frameworks",
				);
				PRODUCT_BUNDLE_IDENTIFIER = Alberto.FirstARApp;
				PRODUCT_NAME = "$(TARGET_NAME)";
				SWIFT_VERSION = 5.0;
				TARGETED_DEVICE_FAMILY = "1,2";
			};
			name = Debug;
		};
		99E7A6072416A93900667DFC /* Release */ = {
			isa = XCBuildConfiguration;
			buildSettings = {
				ASSETCATALOG_COMPILER_APPICON_NAME = AppIcon;
				CODE_SIGN_STYLE = Automatic;
				DEVELOPMENT_TEAM = F3G27URJF5;
				INFOPLIST_FILE = FirstARApp/Info.plist;
				LD_RUNPATH_SEARCH_PATHS = (
					"$(inherited)",
					"@executable_path/Frameworks",
				);
				PRODUCT_BUNDLE_IDENTIFIER = Alberto.FirstARApp;
				PRODUCT_NAME = "$(TARGET_NAME)";
				SWIFT_VERSION = 5.0;
				TARGETED_DEVICE_FAMILY = "1,2";
			};
			name = Release;
		};
/* End XCBuildConfiguration section */

/* Begin XCConfigurationList section */
		99E7A5EC2416A93800667DFC /* Build configuration list for PBXProject "FirstARApp" */ = {
			isa = XCConfigurationList;
			buildConfigurations = (
				99E7A6032416A93900667DFC /* Debug */,
				99E7A6042416A93900667DFC /* Release */,
			);
			defaultConfigurationIsVisible = 0;
			defaultConfigurationName = Release;
		};
		99E7A6052416A93900667DFC /* Build configuration list for PBXNativeTarget "FirstARApp" */ = {
			isa = XCConfigurationList;
			buildConfigurations = (
				99E7A6062416A93900667DFC /* Debug */,
				99E7A6072416A93900667DFC /* Release */,
			);
			defaultConfigurationIsVisible = 0;
			defaultConfigurationName = Release;
		};
/* End XCConfigurationList section */
	};
	rootObject = 99E7A5E92416A93800667DFC /* Project object */;
}
